
Microsoft Visual Studio Solution File, Format Version 12.00
# Visual Studio Version 17
VisualStudioVersion = 17.11.35208.52
MinimumVisualStudioVersion = 10.0.40219.1
Project("{FAE04EC0-301F-11D3-BF4B-00C04F79EFBC}") = "BankSystemDesktopUI", "BankSystemDesktopUI.csproj", "{E0A5F0A6-C12D-4CA2-A124-8235260BAEFF}"
EndProject
Project("{FAE04EC0-301F-11D3-BF4B-00C04F79EFBC}") = "BankSystemBusiness", "..\..\BankSystemBusiness\BankSystemBusiness.csproj", "{88438210-DAF4-4EAB-9F61-2D2ECF5CFAFA}"
EndProject
Project("{FAE04EC0-301F-11D3-BF4B-00C04F79EFBC}") = "BankSystemDataAccess", "..\..\BankSystemDataAccess\BankSystemDataAccess.csproj", "{A6CEC8D6-7DEF-45CF-B1E0-248C47273006}"
EndProject
Project("{FAE04EC0-301F-11D3-BF4B-00C04F79EFBC}") = "ConsoleBankSystem", "..\ConsoleBankSystem\ConsoleBankSystem.csproj", "{C47DE23E-FF9D-41AC-9595-606B6E65E7F8}"
EndProject
Global
	GlobalSection(SolutionConfigurationPlatforms) = preSolution
		Debug|Any CPU = Debug|Any CPU
		Release|Any CPU = Release|Any CPU
	EndGlobalSection
	GlobalSection(ProjectConfigurationPlatforms) = postSolution
		{E0A5F0A6-C12D-4CA2-A124-8235260BAEFF}.Debug|Any CPU.ActiveCfg = Debug|Any CPU
		{E0A5F0A6-C12D-4CA2-A124-8235260BAEFF}.Debug|Any CPU.Build.0 = Debug|Any CPU
		{E0A5F0A6-C12D-4CA2-A124-8235260BAEFF}.Release|Any CPU.ActiveCfg = Release|Any CPU
		{E0A5F0A6-C12D-4CA2-A124-8235260BAEFF}.Release|Any CPU.Build.0 = Release|Any CPU
		{88438210-DAF4-4EAB-9F61-2D2ECF5CFAFA}.Debug|Any CPU.ActiveCfg = Debug|Any CPU
		{88438210-DAF4-4EAB-9F61-2D2ECF5CFAFA}.Debug|Any CPU.Build.0 = Debug|Any CPU
		{88438210-DAF4-4EAB-9F61-2D2ECF5CFAFA}.Release|Any CPU.ActiveCfg = Release|Any CPU
		{88438210-DAF4-4EAB-9F61-2D2ECF5CFAFA}.Release|Any CPU.Build.0 = Release|Any CPU
		{A6CEC8D6-7DEF-45CF-B1E0-248C47273006}.Debug|Any CPU.ActiveCfg = Debug|Any CPU
		{A6CEC8D6-7DEF-45CF-B1E0-248C47273006}.Debug|Any CPU.Build.0 = Debug|Any CPU
		{A6CEC8D6-7DEF-45CF-B1E0-248C47273006}.Release|Any CPU.ActiveCfg = Release|Any CPU
		{A6CEC8D6-7DEF-45CF-B1E0-248C47273006}.Release|Any CPU.Build.0 = Release|Any CPU
		{C47DE23E-FF9D-41AC-9595-606B6E65E7F8}.Debug|Any CPU.ActiveCfg = Debug|Any CPU
		{C47DE23E-FF9D-41AC-9595-606B6E65E7F8}.Debug|Any CPU.Build.0 = Debug|Any CPU
		{C47DE23E-FF9D-41AC-9595-606B6E65E7F8}.Release|Any CPU.ActiveCfg = Release|Any CPU
		{C47DE23E-FF9D-41AC-9595-606B6E65E7F8}.Release|Any CPU.Build.0 = Release|Any CPU
	EndGlobalSection
	GlobalSection(SolutionProperties) = preSolution
		HideSolutionNode = FALSE
	EndGlobalSection
	GlobalSection(ExtensibilityGlobals) = postSolution
		SolutionGuid = {3EF2AB8A-1329-4E09-BD98-BCCAC1CD6549}
	EndGlobalSection
EndGlobal
